
Microsoft Visual Studio Solution File, Format Version 12.00
# Visual Studio Version 16
VisualStudioVersion = 16.0.31729.503
MinimumVisualStudioVersion = 10.0.40219.1
Project("{9A19103F-16F7-4668-BE54-9A1E7A4F7556}") = "Domain", "Domain\Domain.csproj", "{EC0152A3-2C41-44A5-8AA6-588BBB53650E}"
EndProject
Project("{9A19103F-16F7-4668-BE54-9A1E7A4F7556}") = "DAL", "DAL\DAL.csproj", "{69217406-A08F-4AF1-B5E3-53F66E4C09EF}"
EndProject
Project("{9A19103F-16F7-4668-BE54-9A1E7A4F7556}") = "BL", "BL\BL.csproj", "{56BDEBA8-6AAE-4D30-9AB8-24C21BF14FCD}"
EndProject
Project("{FAE04EC0-301F-11D3-BF4B-00C04F79EFBC}") = "WebApi", "WebApi\WebApi.csproj", "{8C8FD8D7-BE97-44C2-93C4-D947329D6964}"
EndProject
Global
	GlobalSection(SolutionConfigurationPlatforms) = preSolution
		Debug|Any CPU = Debug|Any CPU
		Release|Any CPU = Release|Any CPU
	EndGlobalSection
	GlobalSection(ProjectConfigurationPlatforms) = postSolution
		{EC0152A3-2C41-44A5-8AA6-588BBB53650E}.Debug|Any CPU.ActiveCfg = Debug|Any CPU
		{EC0152A3-2C41-44A5-8AA6-588BBB53650E}.Debug|Any CPU.Build.0 = Debug|Any CPU
		{EC0152A3-2C41-44A5-8AA6-588BBB53650E}.Release|Any CPU.ActiveCfg = Release|Any CPU
		{EC0152A3-2C41-44A5-8AA6-588BBB53650E}.Release|Any CPU.Build.0 = Release|Any CPU
		{69217406-A08F-4AF1-B5E3-53F66E4C09EF}.Debug|Any CPU.ActiveCfg = Debug|Any CPU
		{69217406-A08F-4AF1-B5E3-53F66E4C09EF}.Debug|Any CPU.Build.0 = Debug|Any CPU
		{69217406-A08F-4AF1-B5E3-53F66E4C09EF}.Release|Any CPU.ActiveCfg = Release|Any CPU
		{69217406-A08F-4AF1-B5E3-53F66E4C09EF}.Release|Any CPU.Build.0 = Release|Any CPU
		{56BDEBA8-6AAE-4D30-9AB8-24C21BF14FCD}.Debug|Any CPU.ActiveCfg = Debug|Any CPU
		{56BDEBA8-6AAE-4D30-9AB8-24C21BF14FCD}.Debug|Any CPU.Build.0 = Debug|Any CPU
		{56BDEBA8-6AAE-4D30-9AB8-24C21BF14FCD}.Release|Any CPU.ActiveCfg = Release|Any CPU
		{56BDEBA8-6AAE-4D30-9AB8-24C21BF14FCD}.Release|Any CPU.Build.0 = Release|Any CPU
		{8C8FD8D7-BE97-44C2-93C4-D947329D6964}.Debug|Any CPU.ActiveCfg = Debug|Any CPU
		{8C8FD8D7-BE97-44C2-93C4-D947329D6964}.Debug|Any CPU.Build.0 = Debug|Any CPU
		{8C8FD8D7-BE97-44C2-93C4-D947329D6964}.Release|Any CPU.ActiveCfg = Release|Any CPU
		{8C8FD8D7-BE97-44C2-93C4-D947329D6964}.Release|Any CPU.Build.0 = Release|Any CPU
	EndGlobalSection
	GlobalSection(SolutionProperties) = preSolution
		HideSolutionNode = FALSE
	EndGlobalSection
	GlobalSection(ExtensibilityGlobals) = postSolution
		SolutionGuid = {404BA74D-F7B0-41B1-BF61-C12A217C4C93}
	EndGlobalSection
EndGlobal
